Microsoft Visual Studio Solution File, Format Version 12.00
# Visual Studio Version 17
VisualStudioVersion = 17.5.2.0
MinimumVisualStudioVersion = 10.0.40219.1
Project("{FAE04EC0-301F-11D3-BF4B-00C04F79EFBC}") = "NextDev_Blazor2", "NextDev_Blazor2.csproj", "{105E2344-E97F-2DD2-4D2B-890BD036ED21}"
EndProject
Global
	GlobalSection(SolutionConfigurationPlatforms) = preSolution
		Debug|Any CPU = Debug|Any CPU
		Release|Any CPU = Release|Any CPU
	EndGlobalSection
	GlobalSection(ProjectConfigurationPlatforms) = postSolution
		{105E2344-E97F-2DD2-4D2B-890BD036ED21}.Debug|Any CPU.ActiveCfg = Debug|Any CPU
		{105E2344-E97F-2DD2-4D2B-890BD036ED21}.Debug|Any CPU.Build.0 = Debug|Any CPU
		{105E2344-E97F-2DD2-4D2B-890BD036ED21}.Release|Any CPU.ActiveCfg = Release|Any CPU
		{105E2344-E97F-2DD2-4D2B-890BD036ED21}.Release|Any CPU.Build.0 = Release|Any CPU
	EndGlobalSection
	GlobalSection(SolutionProperties) = preSolution
		HideSolutionNode = FALSE
	EndGlobalSection
	GlobalSection(ExtensibilityGlobals) = postSolution
		SolutionGuid = {12B18761-0C15-4750-B18E-0F00FCCE28DE}
	EndGlobalSection
EndGlobal
